// !$*UTF8*$!
{
	archiveVersion = 1;
	classes = {
	};
	objectVersion = 46;
	objects = {

/* Begin PBXBuildFile section */
		A946927C1558910F0074648E /* AFHTTPClient.m in Sources */ = {isa = PBXBuildFile; fileRef = A98618FF15588FFC001D7354 /* AFHTTPClient.m */; settings = {COMPILER_FLAGS = "-fno-objc-arc"; }; };
		A946927D1558910F0074648E /* AFHTTPRequestOperation.m in Sources */ = {isa = PBXBuildFile; fileRef = A986190115588FFC001D7354 /* AFHTTPRequestOperation.m */; settings = {COMPILER_FLAGS = "-fno-objc-arc"; }; };
		A946927E1558910F0074648E /* AFImageRequestOperation.m in Sources */ = {isa = PBXBuildFile; fileRef = A986190315588FFC001D7354 /* AFImageRequestOperation.m */; settings = {COMPILER_FLAGS = "-fno-objc-arc"; }; };
		A946927F1558910F0074648E /* AFJSONRequestOperation.m in Sources */ = {isa = PBXBuildFile; fileRef = A986190515588FFC001D7354 /* AFJSONRequestOperation.m */; settings = {COMPILER_FLAGS = "-fno-objc-arc"; }; };
		A94692801558910F0074648E /* AFJSONUtilities.m in Sources */ = {isa = PBXBuildFile; fileRef = A986190715588FFC001D7354 /* AFJSONUtilities.m */; settings = {COMPILER_FLAGS = "-fno-objc-arc"; }; };
		A94692811558910F0074648E /* AFNetworkActivityIndicatorManager.m in Sources */ = {isa = PBXBuildFile; fileRef = A986190915588FFC001D7354 /* AFNetworkActivityIndicatorManager.m */; settings = {COMPILER_FLAGS = "-fno-objc-arc"; }; };
		A94692821558910F0074648E /* AFPropertyListRequestOperation.m in Sources */ = {isa = PBXBuildFile; fileRef = A986190C15588FFC001D7354 /* AFPropertyListRequestOperation.m */; settings = {COMPILER_FLAGS = "-fno-objc-arc"; }; };
		A94692831558910F0074648E /* AFURLConnectionOperation.m in Sources */ = {isa = PBXBuildFile; fileRef = A986190E15588FFC001D7354 /* AFURLConnectionOperation.m */; settings = {COMPILER_FLAGS = "-fno-objc-arc"; }; };
		A94692841558910F0074648E /* AFXMLRequestOperation.m in Sources */ = {isa = PBXBuildFile; fileRef = A986191015588FFC001D7354 /* AFXMLRequestOperation.m */; settings = {COMPILER_FLAGS = "-fno-objc-arc"; }; };
		A94692851558910F0074648E /* UIImageView+AFNetworking.m in Sources */ = {isa = PBXBuildFile; fileRef = A986191215588FFC001D7354 /* UIImageView+AFNetworking.m */; settings = {COMPILER_FLAGS = "-fno-objc-arc"; }; };
		A98618BD15588D85001D7354 /* UIKit.framework in Frameworks */ = {isa = PBXBuildFile; fileRef = A98618BC15588D85001D7354 /* UIKit.framework */; };
		A98618BF15588D85001D7354 /* Foundation.framework in Frameworks */ = {isa = PBXBuildFile; fileRef = A98618BE15588D85001D7354 /* Foundation.framework */; };
		A98618C115588D85001D7354 /* CoreGraphics.framework in Frameworks */ = {isa = PBXBuildFile; fileRef = A98618C015588D85001D7354 /* CoreGraphics.framework */; };
		A98618C315588D85001D7354 /* CoreData.framework in Frameworks */ = {isa = PBXBuildFile; fileRef = A98618C215588D85001D7354 /* CoreData.framework */; };
		A98618C915588D85001D7354 /* InfoPlist.strings in Resources */ = {isa = PBXBuildFile; fileRef = A98618C715588D85001D7354 /* InfoPlist.strings */; };
		A98618CB15588D85001D7354 /* main.m in Sources */ = {isa = PBXBuildFile; fileRef = A98618CA15588D85001D7354 /* main.m */; };
		A98618CF15588D85001D7354 /* STAppDelegate.m in Sources */ = {isa = PBXBuildFile; fileRef = A98618CE15588D85001D7354 /* STAppDelegate.m */; };
		A98618D215588D85001D7354 /* MainStoryboard_iPhone.storyboard in Resources */ = {isa = PBXBuildFile; fileRef = A98618D015588D85001D7354 /* MainStoryboard_iPhone.storyboard */; };
		A98618D515588D85001D7354 /* MainStoryboard_iPad.storyboard in Resources */ = {isa = PBXBuildFile; fileRef = A98618D315588D85001D7354 /* MainStoryboard_iPad.storyboard */; };
		A98618D815588D85001D7354 /* HumbleShame.xcdatamodeld in Sources */ = {isa = PBXBuildFile; fileRef = A98618D615588D85001D7354 /* HumbleShame.xcdatamodeld */; };
		A98618DB15588D85001D7354 /* STMasterViewController.m in Sources */ = {isa = PBXBuildFile; fileRef = A98618DA15588D85001D7354 /* STMasterViewController.m */; };
		A98618DE15588D85001D7354 /* STDetailViewController.m in Sources */ = {isa = PBXBuildFile; fileRef = A98618DD15588D85001D7354 /* STDetailViewController.m */; };
		A98618E915588E2C001D7354 /* .gitignore in Resources */ = {isa = PBXBuildFile; fileRef = A98618E815588E2C001D7354 /* .gitignore */; };
		A98618FA15588FDA001D7354 /* README.md in Resources */ = {isa = PBXBuildFile; fileRef = A98618F915588FDA001D7354 /* README.md */; };
/* End PBXBuildFile section */

/* Begin PBXFileReference section */
		A98618B815588D85001D7354 /* HumbleShame.app */ = {isa = PBXFileReference; explicitFileType = wrapper.application; includeInIndex = 0; path = HumbleShame.app; sourceTree = BUILT_PRODUCTS_DIR; };
		A98618BC15588D85001D7354 /* UIKit.framework */ = {isa = PBXFileReference; lastKnownFileType = wrapper.framework; name = UIKit.framework; path = System/Library/Frameworks/UIKit.framework; sourceTree = SDKROOT; };
		A98618BE15588D85001D7354 /* Foundation.framework */ = {isa = PBXFileReference; lastKnownFileType = wrapper.framework; name = Foundation.framework; path = System/Library/Frameworks/Foundation.framework; sourceTree = SDKROOT; };
		A98618C015588D85001D7354 /* CoreGraphics.framework */ = {isa = PBXFileReference; lastKnownFileType = wrapper.framework; name = CoreGraphics.framework; path = System/Library/Frameworks/CoreGraphics.framework; sourceTree = SDKROOT; };
		A98618C215588D85001D7354 /* CoreData.framework */ = {isa = PBXFileReference; lastKnownFileType = wrapper.framework; name = CoreData.framework; path = System/Library/Frameworks/CoreData.framework; sourceTree = SDKROOT; };
		A98618C615588D85001D7354 /* HumbleShame-Info.plist */ = {isa = PBXFileReference; lastKnownFileType = text.plist.xml; path = "HumbleShame-Info.plist"; sourceTree = "<group>"; };
		A98618C815588D85001D7354 /* en */ = {isa = PBXFileReference; lastKnownFileType = text.plist.strings; name = en; path = en.lproj/InfoPlist.strings; sourceTree = "<group>"; };
		A98618CA15588D85001D7354 /* main.m */ = {isa = PBXFileReference; lastKnownFileType = sourcecode.c.objc; path = main.m; sourceTree = "<group>"; };
		A98618CC15588D85001D7354 /* HumbleShame-Prefix.pch */ = {isa = PBXFileReference; lastKnownFileType = sourcecode.c.h; path = "HumbleShame-Prefix.pch"; sourceTree = "<group>"; };
		A98618CD15588D85001D7354 /* STAppDelegate.h */ = {isa = PBXFileReference; lastKnownFileType = sourcecode.c.h; path = STAppDelegate.h; sourceTree = "<group>"; };
		A98618CE15588D85001D7354 /* STAppDelegate.m */ = {isa = PBXFileReference; lastKnownFileType = sourcecode.c.objc; path = STAppDelegate.m; sourceTree = "<group>"; };
		A98618D115588D85001D7354 /* en */ = {isa = PBXFileReference; lastKnownFileType = file.storyboard; name = en; path = en.lproj/MainStoryboard_iPhone.storyboard; sourceTree = "<group>"; };
		A98618D415588D85001D7354 /* en */ = {isa = PBXFileReference; lastKnownFileType = file.storyboard; name = en; path = en.lproj/MainStoryboard_iPad.storyboard; sourceTree = "<group>"; };
		A98618D715588D85001D7354 /* HumbleShame.xcdatamodel */ = {isa = PBXFileReference; lastKnownFileType = wrapper.xcdatamodel; path = HumbleShame.xcdatamodel; sourceTree = "<group>"; };
		A98618D915588D85001D7354 /* STMasterViewController.h */ = {isa = PBXFileReference; lastKnownFileType = sourcecode.c.h; path = STMasterViewController.h; sourceTree = "<group>"; };
		A98618DA15588D85001D7354 /* STMasterViewController.m */ = {isa = PBXFileReference; lastKnownFileType = sourcecode.c.objc; path = STMasterViewController.m; sourceTree = "<group>"; };
		A98618DC15588D85001D7354 /* STDetailViewController.h */ = {isa = PBXFileReference; lastKnownFileType = sourcecode.c.h; path = STDetailViewController.h; sourceTree = "<group>"; };
		A98618DD15588D85001D7354 /* STDetailViewController.m */ = {isa = PBXFileReference; lastKnownFileType = sourcecode.c.objc; path = STDetailViewController.m; sourceTree = "<group>"; };
		A98618E815588E2C001D7354 /* .gitignore */ = {isa = PBXFileReference; fileEncoding = 4; lastKnownFileType = text; path = .gitignore; sourceTree = "<group>"; };
		A98618F915588FDA001D7354 /* README.md */ = {isa = PBXFileReference; fileEncoding = 4; lastKnownFileType = text; path = README.md; sourceTree = "<group>"; };
		A98618FE15588FFC001D7354 /* AFHTTPClient.h */ = {isa = PBXFileReference; fileEncoding = 4; lastKnownFileType = sourcecode.c.h; path = AFHTTPClient.h; sourceTree = "<group>"; };
		A98618FF15588FFC001D7354 /* AFHTTPClient.m */ = {isa = PBXFileReference; fileEncoding = 4; lastKnownFileType = sourcecode.c.objc; path = AFHTTPClient.m; sourceTree = "<group>"; };
		A986190015588FFC001D7354 /* AFHTTPRequestOperation.h */ = {isa = PBXFileReference; fileEncoding = 4; lastKnownFileType = sourcecode.c.h; path = AFHTTPRequestOperation.h; sourceTree = "<group>"; };
		A986190115588FFC001D7354 /* AFHTTPRequestOperation.m */ = {isa = PBXFileReference; fileEncoding = 4; lastKnownFileType = sourcecode.c.objc; path = AFHTTPRequestOperation.m; sourceTree = "<group>"; };
		A986190215588FFC001D7354 /* AFImageRequestOperation.h */ = {isa = PBXFileReference; fileEncoding = 4; lastKnownFileType = sourcecode.c.h; path = AFImageRequestOperation.h; sourceTree = "<group>"; };
		A986190315588FFC001D7354 /* AFImageRequestOperation.m */ = {isa = PBXFileReference; fileEncoding = 4; lastKnownFileType = sourcecode.c.objc; path = AFImageRequestOperation.m; sourceTree = "<group>"; };
		A986190415588FFC001D7354 /* AFJSONRequestOperation.h */ = {isa = PBXFileReference; fileEncoding = 4; lastKnownFileType = sourcecode.c.h; path = AFJSONRequestOperation.h; sourceTree = "<group>"; };
		A986190515588FFC001D7354 /* AFJSONRequestOperation.m */ = {isa = PBXFileReference; fileEncoding = 4; lastKnownFileType = sourcecode.c.objc; path = AFJSONRequestOperation.m; sourceTree = "<group>"; };
		A986190615588FFC001D7354 /* AFJSONUtilities.h */ = {isa = PBXFileReference; fileEncoding = 4; lastKnownFileType = sourcecode.c.h; path = AFJSONUtilities.h; sourceTree = "<group>"; };
		A986190715588FFC001D7354 /* AFJSONUtilities.m */ = {isa = PBXFileReference; fileEncoding = 4; lastKnownFileType = sourcecode.c.objc; path = AFJSONUtilities.m; sourceTree = "<group>"; };
		A986190815588FFC001D7354 /* AFNetworkActivityIndicatorManager.h */ = {isa = PBXFileReference; fileEncoding = 4; lastKnownFileType = sourcecode.c.h; path = AFNetworkActivityIndicatorManager.h; sourceTree = "<group>"; };
		A986190915588FFC001D7354 /* AFNetworkActivityIndicatorManager.m */ = {isa = PBXFileReference; fileEncoding = 4; lastKnownFileType = sourcecode.c.objc; path = AFNetworkActivityIndicatorManager.m; sourceTree = "<group>"; };
		A986190A15588FFC001D7354 /* AFNetworking.h */ = {isa = PBXFileReference; fileEncoding = 4; lastKnownFileType = sourcecode.c.h; path = AFNetworking.h; sourceTree = "<group>"; };
		A986190B15588FFC001D7354 /* AFPropertyListRequestOperation.h */ = {isa = PBXFileReference; fileEncoding = 4; lastKnownFileType = sourcecode.c.h; path = AFPropertyListRequestOperation.h; sourceTree = "<group>"; };
		A986190C15588FFC001D7354 /* AFPropertyListRequestOperation.m */ = {isa = PBXFileReference; fileEncoding = 4; lastKnownFileType = sourcecode.c.objc; path = AFPropertyListRequestOperation.m; sourceTree = "<group>"; };
		A986190D15588FFC001D7354 /* AFURLConnectionOperation.h */ = {isa = PBXFileReference; fileEncoding = 4; lastKnownFileType = sourcecode.c.h; path = AFURLConnectionOperation.h; sourceTree = "<group>"; };
		A986190E15588FFC001D7354 /* AFURLConnectionOperation.m */ = {isa = PBXFileReference; fileEncoding = 4; lastKnownFileType = sourcecode.c.objc; path = AFURLConnectionOperation.m; sourceTree = "<group>"; };
		A986190F15588FFC001D7354 /* AFXMLRequestOperation.h */ = {isa = PBXFileReference; fileEncoding = 4; lastKnownFileType = sourcecode.c.h; path = AFXMLRequestOperation.h; sourceTree = "<group>"; };
		A986191015588FFC001D7354 /* AFXMLRequestOperation.m */ = {isa = PBXFileReference; fileEncoding = 4; lastKnownFileType = sourcecode.c.objc; path = AFXMLRequestOperation.m; sourceTree = "<group>"; };
		A986191115588FFC001D7354 /* UIImageView+AFNetworking.h */ = {isa = PBXFileReference; fileEncoding = 4; lastKnownFileType = sourcecode.c.h; path = "UIImageView+AFNetworking.h"; sourceTree = "<group>"; };
		A986191215588FFC001D7354 /* UIImageView+AFNetworking.m */ = {isa = PBXFileReference; fileEncoding = 4; lastKnownFileType = sourcecode.c.objc; path = "UIImageView+AFNetworking.m"; sourceTree = "<group>"; };
/* End PBXFileReference section */

/* Begin PBXFrameworksBuildPhase section */
		A98618B515588D85001D7354 /* Frameworks */ = {
			isa = PBXFrameworksBuildPhase;
			buildActionMask = 2147483647;
			files = (
				A98618BD15588D85001D7354 /* UIKit.framework in Frameworks */,
				A98618BF15588D85001D7354 /* Foundation.framework in Frameworks */,
				A98618C115588D85001D7354 /* CoreGraphics.framework in Frameworks */,
				A98618C315588D85001D7354 /* CoreData.framework in Frameworks */,
			);
			runOnlyForDeploymentPostprocessing = 0;
		};
/* End PBXFrameworksBuildPhase section */

/* Begin PBXGroup section */
		A98618AD15588D84001D7354 = {
			isa = PBXGroup;
			children = (
				A98618E815588E2C001D7354 /* .gitignore */,
				A98618F915588FDA001D7354 /* README.md */,
				A98618C415588D85001D7354 /* HumbleShame */,
				A98618C515588D85001D7354 /* Support */,
				A98618BB15588D85001D7354 /* Frameworks */,
				A98618B915588D85001D7354 /* Products */,
			);
			sourceTree = "<group>";
		};
		A98618B915588D85001D7354 /* Products */ = {
			isa = PBXGroup;
			children = (
				A98618B815588D85001D7354 /* HumbleShame.app */,
			);
			name = Products;
			sourceTree = "<group>";
		};
		A98618BB15588D85001D7354 /* Frameworks */ = {
			isa = PBXGroup;
			children = (
				A98618BC15588D85001D7354 /* UIKit.framework */,
				A98618BE15588D85001D7354 /* Foundation.framework */,
				A98618C015588D85001D7354 /* CoreGraphics.framework */,
				A98618C215588D85001D7354 /* CoreData.framework */,
			);
			name = Frameworks;
			sourceTree = "<group>";
		};
		A98618C415588D85001D7354 /* HumbleShame */ = {
			isa = PBXGroup;
			children = (
				A986198B15588FFF001D7354 /* Vendor */,
				A986199415589010001D7354 /* Models */,
				A986199515589017001D7354 /* Controllers */,
				A986199615589027001D7354 /* Views */,
				A98618CD15588D85001D7354 /* STAppDelegate.h */,
				A98618CE15588D85001D7354 /* STAppDelegate.m */,
				A98618CC15588D85001D7354 /* HumbleShame-Prefix.pch */,
				A98618CA15588D85001D7354 /* main.m */,
			);
			path = HumbleShame;
			sourceTree = "<group>";
		};
		A98618C515588D85001D7354 /* Support */ = {
			isa = PBXGroup;
			children = (
				A98618C615588D85001D7354 /* HumbleShame-Info.plist */,
				A98618C715588D85001D7354 /* InfoPlist.strings */,
			);
			name = Support;
			path = HumbleShame;
			sourceTree = "<group>";
		};
		A98618FD15588FFC001D7354 /* AFNetworking */ = {
			isa = PBXGroup;
			children = (
				A98618FE15588FFC001D7354 /* AFHTTPClient.h */,
				A98618FF15588FFC001D7354 /* AFHTTPClient.m */,
				A986190015588FFC001D7354 /* AFHTTPRequestOperation.h */,
				A986190115588FFC001D7354 /* AFHTTPRequestOperation.m */,
				A986190215588FFC001D7354 /* AFImageRequestOperation.h */,
				A986190315588FFC001D7354 /* AFImageRequestOperation.m */,
				A986190415588FFC001D7354 /* AFJSONRequestOperation.h */,
				A986190515588FFC001D7354 /* AFJSONRequestOperation.m */,
				A986190615588FFC001D7354 /* AFJSONUtilities.h */,
				A986190715588FFC001D7354 /* AFJSONUtilities.m */,
				A986190815588FFC001D7354 /* AFNetworkActivityIndicatorManager.h */,
				A986190915588FFC001D7354 /* AFNetworkActivityIndicatorManager.m */,
				A986190A15588FFC001D7354 /* AFNetworking.h */,
				A986190B15588FFC001D7354 /* AFPropertyListRequestOperation.h */,
				A986190C15588FFC001D7354 /* AFPropertyListRequestOperation.m */,
				A986190D15588FFC001D7354 /* AFURLConnectionOperation.h */,
				A986190E15588FFC001D7354 /* AFURLConnectionOperation.m */,
				A986190F15588FFC001D7354 /* AFXMLRequestOperation.h */,
				A986191015588FFC001D7354 /* AFXMLRequestOperation.m */,
				A986191115588FFC001D7354 /* UIImageView+AFNetworking.h */,
				A986191215588FFC001D7354 /* UIImageView+AFNetworking.m */,
			);
			name = AFNetworking;
			path = Vendor/AFNetworking/AFNetworking;
			sourceTree = "<group>";
		};
		A986198B15588FFF001D7354 /* Vendor */ = {
			isa = PBXGroup;
			children = (
				A98618FD15588FFC001D7354 /* AFNetworking */,
			);
			name = Vendor;
			path = ..;
			sourceTree = "<group>";
		};
		A986199415589010001D7354 /* Models */ = {
			isa = PBXGroup;
			children = (
				A98618D615588D85001D7354 /* HumbleShame.xcdatamodeld */,
			);
			name = Models;
			sourceTree = "<group>";
		};
		A986199515589017001D7354 /* Controllers */ = {
			isa = PBXGroup;
			children = (
				A98618D915588D85001D7354 /* STMasterViewController.h */,
				A98618DA15588D85001D7354 /* STMasterViewController.m */,
				A98618DC15588D85001D7354 /* STDetailViewController.h */,
				A98618DD15588D85001D7354 /* STDetailViewController.m */,
			);
			name = Controllers;
			sourceTree = "<group>";
		};
		A986199615589027001D7354 /* Views */ = {
			isa = PBXGroup;
			children = (
				A98618D015588D85001D7354 /* MainStoryboard_iPhone.storyboard */,
				A98618D315588D85001D7354 /* MainStoryboard_iPad.storyboard */,
			);
			name = Views;
			sourceTree = "<group>";
		};
/* End PBXGroup section */

/* Begin PBXNativeTarget section */
		A98618B715588D85001D7354 /* HumbleShame */ = {
			isa = PBXNativeTarget;
			buildConfigurationList = A98618E115588D85001D7354 /* Build configuration list for PBXNativeTarget "HumbleShame" */;
			buildPhases = (
				A98618B415588D85001D7354 /* Sources */,
				A98618B515588D85001D7354 /* Frameworks */,
				A98618B615588D85001D7354 /* Resources */,
			);
			buildRules = (
			);
			dependencies = (
			);
			name = HumbleShame;
			productName = HumbleShame;
			productReference = A98618B815588D85001D7354 /* HumbleShame.app */;
			productType = "com.apple.product-type.application";
		};
/* End PBXNativeTarget section */

/* Begin PBXProject section */
		A98618AF15588D84001D7354 /* Project object */ = {
			isa = PBXProject;
			attributes = {
				CLASSPREFIX = ST;
				LastUpgradeCheck = 0430;
				ORGANIZATIONNAME = "Momentum Mobile";
			};
			buildConfigurationList = A98618B215588D84001D7354 /* Build configuration list for PBXProject "HumbleShame" */;
			compatibilityVersion = "Xcode 3.2";
			developmentRegion = English;
			hasScannedForEncodings = 0;
			knownRegions = (
				en,
			);
			mainGroup = A98618AD15588D84001D7354;
			productRefGroup = A98618B915588D85001D7354 /* Products */;
			projectDirPath = "";
			projectRoot = "";
			targets = (
				A98618B715588D85001D7354 /* HumbleShame */,
			);
		};
/* End PBXProject section */

/* Begin PBXResourcesBuildPhase section */
		A98618B615588D85001D7354 /* Resources */ = {
			isa = PBXResourcesBuildPhase;
			buildActionMask = 2147483647;
			files = (
				A98618C915588D85001D7354 /* InfoPlist.strings in Resources */,
				A98618D215588D85001D7354 /* MainStoryboard_iPhone.storyboard in Resources */,
				A98618D515588D85001D7354 /* MainStoryboard_iPad.storyboard in Resources */,
				A98618E915588E2C001D7354 /* .gitignore in Resources */,
				A98618FA15588FDA001D7354 /* README.md in Resources */,
			);
			runOnlyForDeploymentPostprocessing = 0;
		};
/* End PBXResourcesBuildPhase section */

/* Begin PBXSourcesBuildPhase section */
		A98618B415588D85001D7354 /* Sources */ = {
			isa = PBXSourcesBuildPhase;
			buildActionMask = 2147483647;
			files = (
				A946927C1558910F0074648E /* AFHTTPClient.m in Sources */,
				A946927D1558910F0074648E /* AFHTTPRequestOperation.m in Sources */,
				A946927E1558910F0074648E /* AFImageRequestOperation.m in Sources */,
				A946927F1558910F0074648E /* AFJSONRequestOperation.m in Sources */,
				A94692801558910F0074648E /* AFJSONUtilities.m in Sources */,
				A94692811558910F0074648E /* AFNetworkActivityIndicatorManager.m in Sources */,
				A94692821558910F0074648E /* AFPropertyListRequestOperation.m in Sources */,
				A94692831558910F0074648E /* AFURLConnectionOperation.m in Sources */,
				A94692841558910F0074648E /* AFXMLRequestOperation.m in Sources */,
				A94692851558910F0074648E /* UIImageView+AFNetworking.m in Sources */,
				A98618CB15588D85001D7354 /* main.m in Sources */,
				A98618CF15588D85001D7354 /* STAppDelegate.m in Sources */,
				A98618D815588D85001D7354 /* HumbleShame.xcdatamodeld in Sources */,
				A98618DB15588D85001D7354 /* STMasterViewController.m in Sources */,
				A98618DE15588D85001D7354 /* STDetailViewController.m in Sources */,
			);
			runOnlyForDeploymentPostprocessing = 0;
		};
/* End PBXSourcesBuildPhase section */

/* Begin PBXVariantGroup section */
		A98618C715588D85001D7354 /* InfoPlist.strings */ = {
			isa = PBXVariantGroup;
			children = (
				A98618C815588D85001D7354 /* en */,
			);
			name = InfoPlist.strings;
			sourceTree = "<group>";
		};
		A98618D015588D85001D7354 /* MainStoryboard_iPhone.storyboard */ = {
			isa = PBXVariantGroup;
			children = (
				A98618D115588D85001D7354 /* en */,
			);
			name = MainStoryboard_iPhone.storyboard;
			sourceTree = "<group>";
		};
		A98618D315588D85001D7354 /* MainStoryboard_iPad.storyboard */ = {
			isa = PBXVariantGroup;
			children = (
				A98618D415588D85001D7354 /* en */,
			);
			name = MainStoryboard_iPad.storyboard;
			sourceTree = "<group>";
		};
/* End PBXVariantGroup section */

/* Begin XCBuildConfiguration section */
		A98618DF15588D85001D7354 /* Debug */ = {
			isa = XCBuildConfiguration;
			buildSettings = {
				ALWAYS_SEARCH_USER_PATHS = NO;
				ARCHS = "$(ARCHS_STANDARD_32_BIT)";
				CLANG_ENABLE_OBJC_ARC = YES;
				"CODE_SIGN_IDENTITY[sdk=iphoneos*]" = "iPhone Developer";
				COPY_PHASE_STRIP = NO;
				GCC_C_LANGUAGE_STANDARD = gnu99;
				GCC_DYNAMIC_NO_PIC = NO;
				GCC_OPTIMIZATION_LEVEL = 0;
				GCC_PREPROCESSOR_DEFINITIONS = (
					"DEBUG=1",
					"$(inherited)",
				);
				GCC_SYMBOLS_PRIVATE_EXTERN = NO;
				GCC_VERSION = com.apple.compilers.llvm.clang.1_0;
				GCC_WARN_ABOUT_RETURN_TYPE = YES;
				GCC_WARN_UNINITIALIZED_AUTOS = YES;
				GCC_WARN_UNUSED_VARIABLE = YES;
				IPHONEOS_DEPLOYMENT_TARGET = 5.1;
				SDKROOT = iphoneos;
				TARGETED_DEVICE_FAMILY = "1,2";
			};
			name = Debug;
		};
		A98618E015588D85001D7354 /* Release */ = {
			isa = XCBuildConfiguration;
			buildSettings = {
				ALWAYS_SEARCH_USER_PATHS = NO;
				ARCHS = "$(ARCHS_STANDARD_32_BIT)";
				CLANG_ENABLE_OBJC_ARC = YES;
				"CODE_SIGN_IDENTITY[sdk=iphoneos*]" = "iPhone Developer";
				COPY_PHASE_STRIP = YES;
				GCC_C_LANGUAGE_STANDARD = gnu99;
				GCC_VERSION = com.apple.compilers.llvm.clang.1_0;
				GCC_WARN_ABOUT_RETURN_TYPE = YES;
				GCC_WARN_UNINITIALIZED_AUTOS = YES;
				GCC_WARN_UNUSED_VARIABLE = YES;
				IPHONEOS_DEPLOYMENT_TARGET = 5.1;
				OTHER_CFLAGS = "-DNS_BLOCK_ASSERTIONS=1";
				SDKROOT = iphoneos;
				TARGETED_DEVICE_FAMILY = "1,2";
				VALIDATE_PRODUCT = YES;
			};
			name = Release;
		};
		A98618E215588D85001D7354 /* Debug */ = {
			isa = XCBuildConfiguration;
			buildSettings = {
				GCC_PRECOMPILE_PREFIX_HEADER = YES;
				GCC_PREFIX_HEADER = "HumbleShame/HumbleShame-Prefix.pch";
				INFOPLIST_FILE = "HumbleShame/HumbleShame-Info.plist";
				PRODUCT_NAME = "$(TARGET_NAME)";
				WRAPPER_EXTENSION = app;
			};
			name = Debug;
		};
		A98618E315588D85001D7354 /* Release */ = {
			isa = XCBuildConfiguration;
			buildSettings = {
				GCC_PRECOMPILE_PREFIX_HEADER = YES;
				GCC_PREFIX_HEADER = "HumbleShame/HumbleShame-Prefix.pch";
				INFOPLIST_FILE = "HumbleShame/HumbleShame-Info.plist";
				PRODUCT_NAME = "$(TARGET_NAME)";
				WRAPPER_EXTENSION = app;
			};
			name = Release;
		};
/* End XCBuildConfiguration section */

/* Begin XCConfigurationList section */
		A98618B215588D84001D7354 /* Build configuration list for PBXProject "HumbleShame" */ = {
			isa = XCConfigurationList;
			buildConfigurations = (
				A98618DF15588D85001D7354 /* Debug */,
				A98618E015588D85001D7354 /* Release */,
			);
			defaultConfigurationIsVisible = 0;
			defaultConfigurationName = Release;
		};
		A98618E115588D85001D7354 /* Build configuration list for PBXNativeTarget "HumbleShame" */ = {
			isa = XCConfigurationList;
			buildConfigurations = (
				A98618E215588D85001D7354 /* Debug */,
				A98618E315588D85001D7354 /* Release */,
			);
			defaultConfigurationIsVisible = 0;
			defaultConfigurationName = Release;
		};
/* End XCConfigurationList section */

/* Begin XCVersionGroup section */
		A98618D615588D85001D7354 /* HumbleShame.xcdatamodeld */ = {
			isa = XCVersionGroup;
			children = (
				A98618D715588D85001D7354 /* HumbleShame.xcdatamodel */,
			);
			currentVersion = A98618D715588D85001D7354 /* HumbleShame.xcdatamodel */;
			path = HumbleShame.xcdatamodeld;
			sourceTree = "<group>";
			versionGroupType = wrapper.xcdatamodel;
		};
/* End XCVersionGroup section */
	};
	rootObject = A98618AF15588D84001D7354 /* Project object */;
}
