// !$*UTF8*$!
{
	archiveVersion = 1;
	classes = {
	};
	objectVersion = 46;
	objects = {

/* Begin PBXBuildFile section */
		A946927C1558910F0074648E /* AFHTTPClient.m in Sources */ = {isa = PBXBuildFile; fileRef = A98618FF15588FFC001D7354 /* AFHTTPClient.m */; settings = {COMPILER_FLAGS = "-fno-objc-arc"; }; };
		A946927D1558910F0074648E /* AFHTTPRequestOperation.m in Sources */ = {isa = PBXBuildFile; fileRef = A986190115588FFC001D7354 /* AFHTTPRequestOperation.m */; settings = {COMPILER_FLAGS = "-fno-objc-arc"; }; };
		A946927E1558910F0074648E /* AFImageRequestOperation.m in Sources */ = {isa = PBXBuildFile; fileRef = A986190315588FFC001D7354 /* AFImageRequestOperation.m */; settings = {COMPILER_FLAGS = "-fno-objc-arc"; }; };
		A946927F1558910F0074648E /* AFJSONRequestOperation.m in Sources */ = {isa = PBXBuildFile; fileRef = A986190515588FFC001D7354 /* AFJSONRequestOperation.m */; settings = {COMPILER_FLAGS = "-fno-objc-arc"; }; };
		A94692801558910F0074648E /* AFJSONUtilities.m in Sources */ = {isa = PBXBuildFile; fileRef = A986190715588FFC001D7354 /* AFJSONUtilities.m */; settings = {COMPILER_FLAGS = "-fno-objc-arc"; }; };
		A94692811558910F0074648E /* AFNetworkActivityIndicatorManager.m in Sources */ = {isa = PBXBuildFile; fileRef = A986190915588FFC001D7354 /* AFNetworkActivityIndicatorManager.m */; settings = {COMPILER_FLAGS = "-fno-objc-arc"; }; };
		A94692821558910F0074648E /* AFPropertyListRequestOperation.m in Sources */ = {isa = PBXBuildFile; fileRef = A986190C15588FFC001D7354 /* AFPropertyListRequestOperation.m */; settings = {COMPILER_FLAGS = "-fno-objc-arc"; }; };
		A94692831558910F0074648E /* AFURLConnectionOperation.m in Sources */ = {isa = PBXBuildFile; fileRef = A986190E15588FFC001D7354 /* AFURLConnectionOperation.m */; settings = {COMPILER_FLAGS = "-fno-objc-arc"; }; };
		A94692841558910F0074648E /* AFXMLRequestOperation.m in Sources */ = {isa = PBXBuildFile; fileRef = A986191015588FFC001D7354 /* AFXMLRequestOperation.m */; settings = {COMPILER_FLAGS = "-fno-objc-arc"; }; };
		A94692851558910F0074648E /* UIImageView+AFNetworking.m in Sources */ = {isa = PBXBuildFile; fileRef = A986191215588FFC001D7354 /* UIImageView+AFNetworking.m */; settings = {COMPILER_FLAGS = "-fno-objc-arc"; }; };
		A946929F155891A80074648E /* libBlocksKit.a in Frameworks */ = {isa = PBXBuildFile; fileRef = A9469294155891960074648E /* libBlocksKit.a */; };
		A94692A51558921A0074648E /* MessageUI.framework in Frameworks */ = {isa = PBXBuildFile; fileRef = A94692A41558921A0074648E /* MessageUI.framework */; };
		A9469397155892E80074648E /* NSManagedObject+MagicalRecord.m in Sources */ = {isa = PBXBuildFile; fileRef = A94692F9155892E70074648E /* NSManagedObject+MagicalRecord.m */; };
		A9469398155892E80074648E /* NSManagedObjectContext+MagicalRecord.m in Sources */ = {isa = PBXBuildFile; fileRef = A94692FB155892E70074648E /* NSManagedObjectContext+MagicalRecord.m */; };
		A9469399155892E80074648E /* NSManagedObjectModel+MagicalRecord.m in Sources */ = {isa = PBXBuildFile; fileRef = A94692FD155892E70074648E /* NSManagedObjectModel+MagicalRecord.m */; };
		A946939A155892E80074648E /* NSPersistentStore+MagicalRecord.m in Sources */ = {isa = PBXBuildFile; fileRef = A94692FF155892E70074648E /* NSPersistentStore+MagicalRecord.m */; };
		A946939B155892E80074648E /* NSPersistentStoreCoordinator+MagicalRecord.m in Sources */ = {isa = PBXBuildFile; fileRef = A9469301155892E70074648E /* NSPersistentStoreCoordinator+MagicalRecord.m */; };
		A946939C155892E80074648E /* MagicalRecordHelpers.m in Sources */ = {isa = PBXBuildFile; fileRef = A9469304155892E70074648E /* MagicalRecordHelpers.m */; };
		A946939D155892E80074648E /* MRCoreDataAction.m in Sources */ = {isa = PBXBuildFile; fileRef = A9469307155892E70074648E /* MRCoreDataAction.m */; };
		A94693E8155897860074648E /* Tweet.m in Sources */ = {isa = PBXBuildFile; fileRef = A94693E7155897860074648E /* Tweet.m */; };
		A94693EB155897860074648E /* User.m in Sources */ = {isa = PBXBuildFile; fileRef = A94693EA155897860074648E /* User.m */; };
		A94693EE15589F060074648E /* STTwitterClient.m in Sources */ = {isa = PBXBuildFile; fileRef = A94693ED15589F060074648E /* STTwitterClient.m */; };
		A97D79CB15594A3800024764 /* SVPullToRefresh.bundle in Resources */ = {isa = PBXBuildFile; fileRef = A97D79BB15594A3800024764 /* SVPullToRefresh.bundle */; };
		A97D79CC15594A3800024764 /* SVPullToRefresh.m in Sources */ = {isa = PBXBuildFile; fileRef = A97D79BD15594A3800024764 /* SVPullToRefresh.m */; };
		A97D79D515594A6700024764 /* QuartzCore.framework in Frameworks */ = {isa = PBXBuildFile; fileRef = A97D79D415594A6700024764 /* QuartzCore.framework */; };
		A98618BD15588D85001D7354 /* UIKit.framework in Frameworks */ = {isa = PBXBuildFile; fileRef = A98618BC15588D85001D7354 /* UIKit.framework */; };
		A98618BF15588D85001D7354 /* Foundation.framework in Frameworks */ = {isa = PBXBuildFile; fileRef = A98618BE15588D85001D7354 /* Foundation.framework */; };
		A98618C115588D85001D7354 /* CoreGraphics.framework in Frameworks */ = {isa = PBXBuildFile; fileRef = A98618C015588D85001D7354 /* CoreGraphics.framework */; };
		A98618C315588D85001D7354 /* CoreData.framework in Frameworks */ = {isa = PBXBuildFile; fileRef = A98618C215588D85001D7354 /* CoreData.framework */; };
		A98618C915588D85001D7354 /* InfoPlist.strings in Resources */ = {isa = PBXBuildFile; fileRef = A98618C715588D85001D7354 /* InfoPlist.strings */; };
		A98618CB15588D85001D7354 /* main.m in Sources */ = {isa = PBXBuildFile; fileRef = A98618CA15588D85001D7354 /* main.m */; };
		A98618CF15588D85001D7354 /* STAppDelegate.m in Sources */ = {isa = PBXBuildFile; fileRef = A98618CE15588D85001D7354 /* STAppDelegate.m */; };
		A98618D215588D85001D7354 /* MainStoryboard_iPhone.storyboard in Resources */ = {isa = PBXBuildFile; fileRef = A98618D015588D85001D7354 /* MainStoryboard_iPhone.storyboard */; };
		A98618D515588D85001D7354 /* MainStoryboard_iPad.storyboard in Resources */ = {isa = PBXBuildFile; fileRef = A98618D315588D85001D7354 /* MainStoryboard_iPad.storyboard */; };
		A98618D815588D85001D7354 /* HumbleShame.xcdatamodeld in Sources */ = {isa = PBXBuildFile; fileRef = A98618D615588D85001D7354 /* HumbleShame.xcdatamodeld */; };
		A98618DB15588D85001D7354 /* STTimelineController.m in Sources */ = {isa = PBXBuildFile; fileRef = A98618DA15588D85001D7354 /* STTimelineController.m */; };
		A98618DE15588D85001D7354 /* STDetailViewController.m in Sources */ = {isa = PBXBuildFile; fileRef = A98618DD15588D85001D7354 /* STDetailViewController.m */; };
		A98618E915588E2C001D7354 /* .gitignore in Resources */ = {isa = PBXBuildFile; fileRef = A98618E815588E2C001D7354 /* .gitignore */; };
		A98618FA15588FDA001D7354 /* README.md in Resources */ = {isa = PBXBuildFile; fileRef = A98618F915588FDA001D7354 /* README.md */; };
/* End PBXBuildFile section */

/* Begin PBXContainerItemProxy section */
		A9469293155891960074648E /* PBXContainerItemProxy */ = {
			isa = PBXContainerItemProxy;
			containerPortal = A9469286155891910074648E /* BlocksKit.xcodeproj */;
			proxyType = 2;
			remoteGlobalIDString = 6C3DBF8D1382F1BA00E6C9AA;
			remoteInfo = "iOS Library";
		};
		A9469295155891960074648E /* PBXContainerItemProxy */ = {
			isa = PBXContainerItemProxy;
			containerPortal = A9469286155891910074648E /* BlocksKit.xcodeproj */;
			proxyType = 2;
			remoteGlobalIDString = 6CC40A751447BB1400E47595;
			remoteInfo = "OS X Framework";
		};
		A9469297155891960074648E /* PBXContainerItemProxy */ = {
			isa = PBXContainerItemProxy;
			containerPortal = A9469286155891910074648E /* BlocksKit.xcodeproj */;
			proxyType = 2;
			remoteGlobalIDString = 6CC08FCE1385555D00DDEABB;
			remoteInfo = "OS X Library";
		};
		A9469299155891960074648E /* PBXContainerItemProxy */ = {
			isa = PBXContainerItemProxy;
			containerPortal = A9469286155891910074648E /* BlocksKit.xcodeproj */;
			proxyType = 2;
			remoteGlobalIDString = 6CC0900913855CAE00DDEABB;
			remoteInfo = "Chameleon Library";
		};
		A946929B155891960074648E /* PBXContainerItemProxy */ = {
			isa = PBXContainerItemProxy;
			containerPortal = A9469286155891910074648E /* BlocksKit.xcodeproj */;
			proxyType = 2;
			remoteGlobalIDString = 60FF000713C023CB004A1394;
			remoteInfo = "iOS Tests";
		};
		A946929D155891A00074648E /* PBXContainerItemProxy */ = {
			isa = PBXContainerItemProxy;
			containerPortal = A9469286155891910074648E /* BlocksKit.xcodeproj */;
			proxyType = 1;
			remoteGlobalIDString = 6C3DBF8C1382F1BA00E6C9AA;
			remoteInfo = "iOS Library";
		};
/* End PBXContainerItemProxy section */

/* Begin PBXFileReference section */
		A9469286155891910074648E /* BlocksKit.xcodeproj */ = {isa = PBXFileReference; lastKnownFileType = "wrapper.pb-project"; name = BlocksKit.xcodeproj; path = Vendor/BlocksKit/BlocksKit.xcodeproj; sourceTree = SOURCE_ROOT; };
		A94692A41558921A0074648E /* MessageUI.framework */ = {isa = PBXFileReference; lastKnownFileType = wrapper.framework; name = MessageUI.framework; path = System/Library/Frameworks/MessageUI.framework; sourceTree = SDKROOT; };
		A94692F8155892E70074648E /* NSManagedObject+MagicalRecord.h */ = {isa = PBXFileReference; fileEncoding = 4; lastKnownFileType = sourcecode.c.h; path = "NSManagedObject+MagicalRecord.h"; sourceTree = "<group>"; };
		A94692F9155892E70074648E /* NSManagedObject+MagicalRecord.m */ = {isa = PBXFileReference; fileEncoding = 4; lastKnownFileType = sourcecode.c.objc; path = "NSManagedObject+MagicalRecord.m"; sourceTree = "<group>"; };
		A94692FA155892E70074648E /* NSManagedObjectContext+MagicalRecord.h */ = {isa = PBXFileReference; fileEncoding = 4; lastKnownFileType = sourcecode.c.h; path = "NSManagedObjectContext+MagicalRecord.h"; sourceTree = "<group>"; };
		A94692FB155892E70074648E /* NSManagedObjectContext+MagicalRecord.m */ = {isa = PBXFileReference; fileEncoding = 4; lastKnownFileType = sourcecode.c.objc; path = "NSManagedObjectContext+MagicalRecord.m"; sourceTree = "<group>"; };
		A94692FC155892E70074648E /* NSManagedObjectModel+MagicalRecord.h */ = {isa = PBXFileReference; fileEncoding = 4; lastKnownFileType = sourcecode.c.h; path = "NSManagedObjectModel+MagicalRecord.h"; sourceTree = "<group>"; };
		A94692FD155892E70074648E /* NSManagedObjectModel+MagicalRecord.m */ = {isa = PBXFileReference; fileEncoding = 4; lastKnownFileType = sourcecode.c.objc; path = "NSManagedObjectModel+MagicalRecord.m"; sourceTree = "<group>"; };
		A94692FE155892E70074648E /* NSPersistentStore+MagicalRecord.h */ = {isa = PBXFileReference; fileEncoding = 4; lastKnownFileType = sourcecode.c.h; path = "NSPersistentStore+MagicalRecord.h"; sourceTree = "<group>"; };
		A94692FF155892E70074648E /* NSPersistentStore+MagicalRecord.m */ = {isa = PBXFileReference; fileEncoding = 4; lastKnownFileType = sourcecode.c.objc; path = "NSPersistentStore+MagicalRecord.m"; sourceTree = "<group>"; };
		A9469300155892E70074648E /* NSPersistentStoreCoordinator+MagicalRecord.h */ = {isa = PBXFileReference; fileEncoding = 4; lastKnownFileType = sourcecode.c.h; path = "NSPersistentStoreCoordinator+MagicalRecord.h"; sourceTree = "<group>"; };
		A9469301155892E70074648E /* NSPersistentStoreCoordinator+MagicalRecord.m */ = {isa = PBXFileReference; fileEncoding = 4; lastKnownFileType = sourcecode.c.objc; path = "NSPersistentStoreCoordinator+MagicalRecord.m"; sourceTree = "<group>"; };
		A9469302155892E70074648E /* CoreData+MagicalRecord.h */ = {isa = PBXFileReference; fileEncoding = 4; lastKnownFileType = sourcecode.c.h; name = "CoreData+MagicalRecord.h"; path = "Source/CoreData+MagicalRecord.h"; sourceTree = "<group>"; };
		A9469303155892E70074648E /* MagicalRecordHelpers.h */ = {isa = PBXFileReference; fileEncoding = 4; lastKnownFileType = sourcecode.c.h; name = MagicalRecordHelpers.h; path = Source/MagicalRecordHelpers.h; sourceTree = "<group>"; };
		A9469304155892E70074648E /* MagicalRecordHelpers.m */ = {isa = PBXFileReference; fileEncoding = 4; lastKnownFileType = sourcecode.c.objc; name = MagicalRecordHelpers.m; path = Source/MagicalRecordHelpers.m; sourceTree = "<group>"; };
		A9469305155892E70074648E /* MagicalRecordShorthand.h */ = {isa = PBXFileReference; fileEncoding = 4; lastKnownFileType = sourcecode.c.h; name = MagicalRecordShorthand.h; path = Source/MagicalRecordShorthand.h; sourceTree = "<group>"; };
		A9469306155892E70074648E /* MRCoreDataAction.h */ = {isa = PBXFileReference; fileEncoding = 4; lastKnownFileType = sourcecode.c.h; name = MRCoreDataAction.h; path = Source/MRCoreDataAction.h; sourceTree = "<group>"; };
		A9469307155892E70074648E /* MRCoreDataAction.m */ = {isa = PBXFileReference; fileEncoding = 4; lastKnownFileType = sourcecode.c.objc; name = MRCoreDataAction.m; path = Source/MRCoreDataAction.m; sourceTree = "<group>"; };
		A94693E6155897860074648E /* Tweet.h */ = {isa = PBXFileReference; fileEncoding = 4; lastKnownFileType = sourcecode.c.h; path = Tweet.h; sourceTree = "<group>"; };
		A94693E7155897860074648E /* Tweet.m */ = {isa = PBXFileReference; fileEncoding = 4; lastKnownFileType = sourcecode.c.objc; path = Tweet.m; sourceTree = "<group>"; };
		A94693E9155897860074648E /* User.h */ = {isa = PBXFileReference; fileEncoding = 4; lastKnownFileType = sourcecode.c.h; path = User.h; sourceTree = "<group>"; };
		A94693EA155897860074648E /* User.m */ = {isa = PBXFileReference; fileEncoding = 4; lastKnownFileType = sourcecode.c.objc; path = User.m; sourceTree = "<group>"; };
		A94693EC15589F060074648E /* STTwitterClient.h */ = {isa = PBXFileReference; fileEncoding = 4; lastKnownFileType = sourcecode.c.h; path = STTwitterClient.h; sourceTree = "<group>"; };
		A94693ED15589F060074648E /* STTwitterClient.m */ = {isa = PBXFileReference; fileEncoding = 4; lastKnownFileType = sourcecode.c.objc; path = STTwitterClient.m; sourceTree = "<group>"; };
		A97D79BB15594A3800024764 /* SVPullToRefresh.bundle */ = {isa = PBXFileReference; lastKnownFileType = "wrapper.plug-in"; name = SVPullToRefresh.bundle; path = SVPullToRefresh/SVPullToRefresh.bundle; sourceTree = "<group>"; };
		A97D79BC15594A3800024764 /* SVPullToRefresh.h */ = {isa = PBXFileReference; fileEncoding = 4; lastKnownFileType = sourcecode.c.h; name = SVPullToRefresh.h; path = SVPullToRefresh/SVPullToRefresh.h; sourceTree = "<group>"; };
		A97D79BD15594A3800024764 /* SVPullToRefresh.m */ = {isa = PBXFileReference; fileEncoding = 4; lastKnownFileType = sourcecode.c.objc; name = SVPullToRefresh.m; path = SVPullToRefresh/SVPullToRefresh.m; sourceTree = "<group>"; };
		A97D79D415594A6700024764 /* QuartzCore.framework */ = {isa = PBXFileReference; lastKnownFileType = wrapper.framework; name = QuartzCore.framework; path = System/Library/Frameworks/QuartzCore.framework; sourceTree = SDKROOT; };
		A98618B815588D85001D7354 /* HumbleShame.app */ = {isa = PBXFileReference; explicitFileType = wrapper.application; includeInIndex = 0; path = HumbleShame.app; sourceTree = BUILT_PRODUCTS_DIR; };
		A98618BC15588D85001D7354 /* UIKit.framework */ = {isa = PBXFileReference; lastKnownFileType = wrapper.framework; name = UIKit.framework; path = System/Library/Frameworks/UIKit.framework; sourceTree = SDKROOT; };
		A98618BE15588D85001D7354 /* Foundation.framework */ = {isa = PBXFileReference; lastKnownFileType = wrapper.framework; name = Foundation.framework; path = System/Library/Frameworks/Foundation.framework; sourceTree = SDKROOT; };
		A98618C015588D85001D7354 /* CoreGraphics.framework */ = {isa = PBXFileReference; lastKnownFileType = wrapper.framework; name = CoreGraphics.framework; path = System/Library/Frameworks/CoreGraphics.framework; sourceTree = SDKROOT; };
		A98618C215588D85001D7354 /* CoreData.framework */ = {isa = PBXFileReference; lastKnownFileType = wrapper.framework; name = CoreData.framework; path = System/Library/Frameworks/CoreData.framework; sourceTree = SDKROOT; };
		A98618C615588D85001D7354 /* HumbleShame-Info.plist */ = {isa = PBXFileReference; lastKnownFileType = text.plist.xml; path = "HumbleShame-Info.plist"; sourceTree = "<group>"; };
		A98618C815588D85001D7354 /* en */ = {isa = PBXFileReference; lastKnownFileType = text.plist.strings; name = en; path = en.lproj/InfoPlist.strings; sourceTree = "<group>"; };
		A98618CA15588D85001D7354 /* main.m */ = {isa = PBXFileReference; lastKnownFileType = sourcecode.c.objc; path = main.m; sourceTree = "<group>"; };
		A98618CC15588D85001D7354 /* HumbleShame-Prefix.pch */ = {isa = PBXFileReference; lastKnownFileType = sourcecode.c.h; path = "HumbleShame-Prefix.pch"; sourceTree = "<group>"; };
		A98618CD15588D85001D7354 /* STAppDelegate.h */ = {isa = PBXFileReference; lastKnownFileType = sourcecode.c.h; path = STAppDelegate.h; sourceTree = "<group>"; };
		A98618CE15588D85001D7354 /* STAppDelegate.m */ = {isa = PBXFileReference; lastKnownFileType = sourcecode.c.objc; path = STAppDelegate.m; sourceTree = "<group>"; };
		A98618D115588D85001D7354 /* en */ = {isa = PBXFileReference; lastKnownFileType = file.storyboard; name = en; path = en.lproj/MainStoryboard_iPhone.storyboard; sourceTree = "<group>"; };
		A98618D415588D85001D7354 /* en */ = {isa = PBXFileReference; lastKnownFileType = file.storyboard; name = en; path = en.lproj/MainStoryboard_iPad.storyboard; sourceTree = "<group>"; };
		A98618D715588D85001D7354 /* HumbleShame.xcdatamodel */ = {isa = PBXFileReference; lastKnownFileType = wrapper.xcdatamodel; path = HumbleShame.xcdatamodel; sourceTree = "<group>"; };
		A98618D915588D85001D7354 /* STTimelineController.h */ = {isa = PBXFileReference; lastKnownFileType = sourcecode.c.h; path = STTimelineController.h; sourceTree = "<group>"; };
		A98618DA15588D85001D7354 /* STTimelineController.m */ = {isa = PBXFileReference; lastKnownFileType = sourcecode.c.objc; path = STTimelineController.m; sourceTree = "<group>"; };
		A98618DC15588D85001D7354 /* STDetailViewController.h */ = {isa = PBXFileReference; lastKnownFileType = sourcecode.c.h; path = STDetailViewController.h; sourceTree = "<group>"; };
		A98618DD15588D85001D7354 /* STDetailViewController.m */ = {isa = PBXFileReference; lastKnownFileType = sourcecode.c.objc; path = STDetailViewController.m; sourceTree = "<group>"; };
		A98618E815588E2C001D7354 /* .gitignore */ = {isa = PBXFileReference; fileEncoding = 4; lastKnownFileType = text; path = .gitignore; sourceTree = "<group>"; };
		A98618F915588FDA001D7354 /* README.md */ = {isa = PBXFileReference; fileEncoding = 4; lastKnownFileType = text; path = README.md; sourceTree = "<group>"; };
		A98618FE15588FFC001D7354 /* AFHTTPClient.h */ = {isa = PBXFileReference; fileEncoding = 4; lastKnownFileType = sourcecode.c.h; path = AFHTTPClient.h; sourceTree = "<group>"; };
		A98618FF15588FFC001D7354 /* AFHTTPClient.m */ = {isa = PBXFileReference; fileEncoding = 4; lastKnownFileType = sourcecode.c.objc; path = AFHTTPClient.m; sourceTree = "<group>"; };
		A986190015588FFC001D7354 /* AFHTTPRequestOperation.h */ = {isa = PBXFileReference; fileEncoding = 4; lastKnownFileType = sourcecode.c.h; path = AFHTTPRequestOperation.h; sourceTree = "<group>"; };
		A986190115588FFC001D7354 /* AFHTTPRequestOperation.m */ = {isa = PBXFileReference; fileEncoding = 4; lastKnownFileType = sourcecode.c.objc; path = AFHTTPRequestOperation.m; sourceTree = "<group>"; };
		A986190215588FFC001D7354 /* AFImageRequestOperation.h */ = {isa = PBXFileReference; fileEncoding = 4; lastKnownFileType = sourcecode.c.h; path = AFImageRequestOperation.h; sourceTree = "<group>"; };
		A986190315588FFC001D7354 /* AFImageRequestOperation.m */ = {isa = PBXFileReference; fileEncoding = 4; lastKnownFileType = sourcecode.c.objc; path = AFImageRequestOperation.m; sourceTree = "<group>"; };
		A986190415588FFC001D7354 /* AFJSONRequestOperation.h */ = {isa = PBXFileReference; fileEncoding = 4; lastKnownFileType = sourcecode.c.h; path = AFJSONRequestOperation.h; sourceTree = "<group>"; };
		A986190515588FFC001D7354 /* AFJSONRequestOperation.m */ = {isa = PBXFileReference; fileEncoding = 4; lastKnownFileType = sourcecode.c.objc; path = AFJSONRequestOperation.m; sourceTree = "<group>"; };
		A986190615588FFC001D7354 /* AFJSONUtilities.h */ = {isa = PBXFileReference; fileEncoding = 4; lastKnownFileType = sourcecode.c.h; path = AFJSONUtilities.h; sourceTree = "<group>"; };
		A986190715588FFC001D7354 /* AFJSONUtilities.m */ = {isa = PBXFileReference; fileEncoding = 4; lastKnownFileType = sourcecode.c.objc; path = AFJSONUtilities.m; sourceTree = "<group>"; };
		A986190815588FFC001D7354 /* AFNetworkActivityIndicatorManager.h */ = {isa = PBXFileReference; fileEncoding = 4; lastKnownFileType = sourcecode.c.h; path = AFNetworkActivityIndicatorManager.h; sourceTree = "<group>"; };
		A986190915588FFC001D7354 /* AFNetworkActivityIndicatorManager.m */ = {isa = PBXFileReference; fileEncoding = 4; lastKnownFileType = sourcecode.c.objc; path = AFNetworkActivityIndicatorManager.m; sourceTree = "<group>"; };
		A986190A15588FFC001D7354 /* AFNetworking.h */ = {isa = PBXFileReference; fileEncoding = 4; lastKnownFileType = sourcecode.c.h; path = AFNetworking.h; sourceTree = "<group>"; };
		A986190B15588FFC001D7354 /* AFPropertyListRequestOperation.h */ = {isa = PBXFileReference; fileEncoding = 4; lastKnownFileType = sourcecode.c.h; path = AFPropertyListRequestOperation.h; sourceTree = "<group>"; };
		A986190C15588FFC001D7354 /* AFPropertyListRequestOperation.m */ = {isa = PBXFileReference; fileEncoding = 4; lastKnownFileType = sourcecode.c.objc; path = AFPropertyListRequestOperation.m; sourceTree = "<group>"; };
		A986190D15588FFC001D7354 /* AFURLConnectionOperation.h */ = {isa = PBXFileReference; fileEncoding = 4; lastKnownFileType = sourcecode.c.h; path = AFURLConnectionOperation.h; sourceTree = "<group>"; };
		A986190E15588FFC001D7354 /* AFURLConnectionOperation.m */ = {isa = PBXFileReference; fileEncoding = 4; lastKnownFileType = sourcecode.c.objc; path = AFURLConnectionOperation.m; sourceTree = "<group>"; };
		A986190F15588FFC001D7354 /* AFXMLRequestOperation.h */ = {isa = PBXFileReference; fileEncoding = 4; lastKnownFileType = sourcecode.c.h; path = AFXMLRequestOperation.h; sourceTree = "<group>"; };
		A986191015588FFC001D7354 /* AFXMLRequestOperation.m */ = {isa = PBXFileReference; fileEncoding = 4; lastKnownFileType = sourcecode.c.objc; path = AFXMLRequestOperation.m; sourceTree = "<group>"; };
		A986191115588FFC001D7354 /* UIImageView+AFNetworking.h */ = {isa = PBXFileReference; fileEncoding = 4; lastKnownFileType = sourcecode.c.h; path = "UIImageView+AFNetworking.h"; sourceTree = "<group>"; };
		A986191215588FFC001D7354 /* UIImageView+AFNetworking.m */ = {isa = PBXFileReference; fileEncoding = 4; lastKnownFileType = sourcecode.c.objc; path = "UIImageView+AFNetworking.m"; sourceTree = "<group>"; };
/* End PBXFileReference section */

/* Begin PBXFrameworksBuildPhase section */
		A98618B515588D85001D7354 /* Frameworks */ = {
			isa = PBXFrameworksBuildPhase;
			buildActionMask = 2147483647;
			files = (
				A98618BF15588D85001D7354 /* Foundation.framework in Frameworks */,
				A98618C115588D85001D7354 /* CoreGraphics.framework in Frameworks */,
				A98618C315588D85001D7354 /* CoreData.framework in Frameworks */,
				A94692A51558921A0074648E /* MessageUI.framework in Frameworks */,
				A97D79D515594A6700024764 /* QuartzCore.framework in Frameworks */,
				A98618BD15588D85001D7354 /* UIKit.framework in Frameworks */,
				A946929F155891A80074648E /* libBlocksKit.a in Frameworks */,
			);
			runOnlyForDeploymentPostprocessing = 0;
		};
/* End PBXFrameworksBuildPhase section */

/* Begin PBXGroup section */
		A9469287155891910074648E /* Products */ = {
			isa = PBXGroup;
			children = (
				A9469294155891960074648E /* libBlocksKit.a */,
				A9469296155891960074648E /* BlocksKit.framework */,
				A9469298155891960074648E /* BlocksKit.dylib */,
				A946929A155891960074648E /* BlocksKit_Chameleon.dylib */,
				A946929C155891960074648E /* iOS Tests.app */,
			);
			name = Products;
			sourceTree = "<group>";
		};
		A94692B4155892E70074648E /* MagicalRecord */ = {
			isa = PBXGroup;
			children = (
				A94692E8155892E70074648E /* Categories */,
				A9469302155892E70074648E /* CoreData+MagicalRecord.h */,
				A9469303155892E70074648E /* MagicalRecordHelpers.h */,
				A9469304155892E70074648E /* MagicalRecordHelpers.m */,
				A9469305155892E70074648E /* MagicalRecordShorthand.h */,
				A9469306155892E70074648E /* MRCoreDataAction.h */,
				A9469307155892E70074648E /* MRCoreDataAction.m */,
			);
			name = MagicalRecord;
			path = Vendor/MagicalRecord;
			sourceTree = SOURCE_ROOT;
		};
		A94692E8155892E70074648E /* Categories */ = {
			isa = PBXGroup;
			children = (
				A94692F8155892E70074648E /* NSManagedObject+MagicalRecord.h */,
				A94692F9155892E70074648E /* NSManagedObject+MagicalRecord.m */,
				A94692FA155892E70074648E /* NSManagedObjectContext+MagicalRecord.h */,
				A94692FB155892E70074648E /* NSManagedObjectContext+MagicalRecord.m */,
				A94692FC155892E70074648E /* NSManagedObjectModel+MagicalRecord.h */,
				A94692FD155892E70074648E /* NSManagedObjectModel+MagicalRecord.m */,
				A94692FE155892E70074648E /* NSPersistentStore+MagicalRecord.h */,
				A94692FF155892E70074648E /* NSPersistentStore+MagicalRecord.m */,
				A9469300155892E70074648E /* NSPersistentStoreCoordinator+MagicalRecord.h */,
				A9469301155892E70074648E /* NSPersistentStoreCoordinator+MagicalRecord.m */,
			);
			name = Categories;
			path = Source/Categories;
			sourceTree = "<group>";
		};
		A97D79A615594A3800024764 /* SVPullToRefresh */ = {
			isa = PBXGroup;
			children = (
				A97D79BB15594A3800024764 /* SVPullToRefresh.bundle */,
				A97D79BC15594A3800024764 /* SVPullToRefresh.h */,
				A97D79BD15594A3800024764 /* SVPullToRefresh.m */,
			);
			name = SVPullToRefresh;
			path = Vendor/SVPullToRefresh;
			sourceTree = SOURCE_ROOT;
		};
		A98618AD15588D84001D7354 = {
			isa = PBXGroup;
			children = (
				A98618E815588E2C001D7354 /* .gitignore */,
				A98618F915588FDA001D7354 /* README.md */,
				A98618C415588D85001D7354 /* HumbleShame */,
				A98618C515588D85001D7354 /* Support */,
				A98618BB15588D85001D7354 /* Frameworks */,
				A98618B915588D85001D7354 /* Products */,
			);
			sourceTree = "<group>";
		};
		A98618B915588D85001D7354 /* Products */ = {
			isa = PBXGroup;
			children = (
				A98618B815588D85001D7354 /* HumbleShame.app */,
			);
			name = Products;
			sourceTree = "<group>";
		};
		A98618BB15588D85001D7354 /* Frameworks */ = {
			isa = PBXGroup;
			children = (
				A98618BE15588D85001D7354 /* Foundation.framework */,
				A98618C015588D85001D7354 /* CoreGraphics.framework */,
				A98618C215588D85001D7354 /* CoreData.framework */,
				A94692A41558921A0074648E /* MessageUI.framework */,
				A97D79D415594A6700024764 /* QuartzCore.framework */,
				A98618BC15588D85001D7354 /* UIKit.framework */,
			);
			name = Frameworks;
			sourceTree = "<group>";
		};
		A98618C415588D85001D7354 /* HumbleShame */ = {
			isa = PBXGroup;
			children = (
				A986198B15588FFF001D7354 /* Vendor */,
				A986199415589010001D7354 /* Models */,
				A986199515589017001D7354 /* Controllers */,
				A986199615589027001D7354 /* Views */,
				A98618CD15588D85001D7354 /* STAppDelegate.h */,
				A98618CE15588D85001D7354 /* STAppDelegate.m */,
				A94693EC15589F060074648E /* STTwitterClient.h */,
				A94693ED15589F060074648E /* STTwitterClient.m */,
				A98618CC15588D85001D7354 /* HumbleShame-Prefix.pch */,
				A98618CA15588D85001D7354 /* main.m */,
			);
			path = HumbleShame;
			sourceTree = "<group>";
		};
		A98618C515588D85001D7354 /* Support */ = {
			isa = PBXGroup;
			children = (
				A98618C615588D85001D7354 /* HumbleShame-Info.plist */,
				A98618C715588D85001D7354 /* InfoPlist.strings */,
			);
			name = Support;
			path = HumbleShame;
			sourceTree = "<group>";
		};
		A98618FD15588FFC001D7354 /* AFNetworking */ = {
			isa = PBXGroup;
			children = (
				A98618FE15588FFC001D7354 /* AFHTTPClient.h */,
				A98618FF15588FFC001D7354 /* AFHTTPClient.m */,
				A986190015588FFC001D7354 /* AFHTTPRequestOperation.h */,
				A986190115588FFC001D7354 /* AFHTTPRequestOperation.m */,
				A986190215588FFC001D7354 /* AFImageRequestOperation.h */,
				A986190315588FFC001D7354 /* AFImageRequestOperation.m */,
				A986190415588FFC001D7354 /* AFJSONRequestOperation.h */,
				A986190515588FFC001D7354 /* AFJSONRequestOperation.m */,
				A986190615588FFC001D7354 /* AFJSONUtilities.h */,
				A986190715588FFC001D7354 /* AFJSONUtilities.m */,
				A986190815588FFC001D7354 /* AFNetworkActivityIndicatorManager.h */,
				A986190915588FFC001D7354 /* AFNetworkActivityIndicatorManager.m */,
				A986190A15588FFC001D7354 /* AFNetworking.h */,
				A986190B15588FFC001D7354 /* AFPropertyListRequestOperation.h */,
				A986190C15588FFC001D7354 /* AFPropertyListRequestOperation.m */,
				A986190D15588FFC001D7354 /* AFURLConnectionOperation.h */,
				A986190E15588FFC001D7354 /* AFURLConnectionOperation.m */,
				A986190F15588FFC001D7354 /* AFXMLRequestOperation.h */,
				A986191015588FFC001D7354 /* AFXMLRequestOperation.m */,
				A986191115588FFC001D7354 /* UIImageView+AFNetworking.h */,
				A986191215588FFC001D7354 /* UIImageView+AFNetworking.m */,
			);
			name = AFNetworking;
			path = Vendor/AFNetworking/AFNetworking;
			sourceTree = "<group>";
		};
		A986198B15588FFF001D7354 /* Vendor */ = {
			isa = PBXGroup;
			children = (
				A98618FD15588FFC001D7354 /* AFNetworking */,
				A9469286155891910074648E /* BlocksKit.xcodeproj */,
				A94692B4155892E70074648E /* MagicalRecord */,
				A97D79A615594A3800024764 /* SVPullToRefresh */,
			);
			name = Vendor;
			path = ..;
			sourceTree = "<group>";
		};
		A986199415589010001D7354 /* Models */ = {
			isa = PBXGroup;
			children = (
				A98618D615588D85001D7354 /* HumbleShame.xcdatamodeld */,
				A94693E6155897860074648E /* Tweet.h */,
				A94693E7155897860074648E /* Tweet.m */,
				A94693E9155897860074648E /* User.h */,
				A94693EA155897860074648E /* User.m */,
			);
			name = Models;
			sourceTree = "<group>";
		};
		A986199515589017001D7354 /* Controllers */ = {
			isa = PBXGroup;
			children = (
				A98618D915588D85001D7354 /* STTimelineController.h */,
				A98618DA15588D85001D7354 /* STTimelineController.m */,
				A98618DC15588D85001D7354 /* STDetailViewController.h */,
				A98618DD15588D85001D7354 /* STDetailViewController.m */,
			);
			name = Controllers;
			sourceTree = "<group>";
		};
		A986199615589027001D7354 /* Views */ = {
			isa = PBXGroup;
			children = (
				A98618D015588D85001D7354 /* MainStoryboard_iPhone.storyboard */,
				A98618D315588D85001D7354 /* MainStoryboard_iPad.storyboard */,
			);
			name = Views;
			sourceTree = "<group>";
		};
/* End PBXGroup section */

/* Begin PBXNativeTarget section */
		A98618B715588D85001D7354 /* HumbleShame */ = {
			isa = PBXNativeTarget;
			buildConfigurationList = A98618E115588D85001D7354 /* Build configuration list for PBXNativeTarget "HumbleShame" */;
			buildPhases = (
				A98618B415588D85001D7354 /* Sources */,
				A98618B515588D85001D7354 /* Frameworks */,
				A98618B615588D85001D7354 /* Resources */,
			);
			buildRules = (
			);
			dependencies = (
				A946929E155891A00074648E /* PBXTargetDependency */,
			);
			name = HumbleShame;
			productName = HumbleShame;
			productReference = A98618B815588D85001D7354 /* HumbleShame.app */;
			productType = "com.apple.product-type.application";
		};
/* End PBXNativeTarget section */

/* Begin PBXProject section */
		A98618AF15588D84001D7354 /* Project object */ = {
			isa = PBXProject;
			attributes = {
				CLASSPREFIX = ST;
				LastUpgradeCheck = 0430;
				ORGANIZATIONNAME = "Momentum Mobile";
			};
			buildConfigurationList = A98618B215588D84001D7354 /* Build configuration list for PBXProject "HumbleShame" */;
			compatibilityVersion = "Xcode 3.2";
			developmentRegion = English;
			hasScannedForEncodings = 0;
			knownRegions = (
				en,
			);
			mainGroup = A98618AD15588D84001D7354;
			productRefGroup = A98618B915588D85001D7354 /* Products */;
			projectDirPath = "";
			projectReferences = (
				{
					ProductGroup = A9469287155891910074648E /* Products */;
					ProjectRef = A9469286155891910074648E /* BlocksKit.xcodeproj */;
				},
			);
			projectRoot = "";
			targets = (
				A98618B715588D85001D7354 /* HumbleShame */,
			);
		};
/* End PBXProject section */

/* Begin PBXReferenceProxy section */
		A9469294155891960074648E /* libBlocksKit.a */ = {
			isa = PBXReferenceProxy;
			fileType = archive.ar;
			path = libBlocksKit.a;
			remoteRef = A9469293155891960074648E /* PBXContainerItemProxy */;
			sourceTree = BUILT_PRODUCTS_DIR;
		};
		A9469296155891960074648E /* BlocksKit.framework */ = {
			isa = PBXReferenceProxy;
			fileType = wrapper.framework;
			path = BlocksKit.framework;
			remoteRef = A9469295155891960074648E /* PBXContainerItemProxy */;
			sourceTree = BUILT_PRODUCTS_DIR;
		};
		A9469298155891960074648E /* BlocksKit.dylib */ = {
			isa = PBXReferenceProxy;
			fileType = "compiled.mach-o.dylib";
			path = BlocksKit.dylib;
			remoteRef = A9469297155891960074648E /* PBXContainerItemProxy */;
			sourceTree = BUILT_PRODUCTS_DIR;
		};
		A946929A155891960074648E /* BlocksKit_Chameleon.dylib */ = {
			isa = PBXReferenceProxy;
			fileType = "compiled.mach-o.dylib";
			path = BlocksKit_Chameleon.dylib;
			remoteRef = A9469299155891960074648E /* PBXContainerItemProxy */;
			sourceTree = BUILT_PRODUCTS_DIR;
		};
		A946929C155891960074648E /* iOS Tests.app */ = {
			isa = PBXReferenceProxy;
			fileType = wrapper.application;
			path = "iOS Tests.app";
			remoteRef = A946929B155891960074648E /* PBXContainerItemProxy */;
			sourceTree = BUILT_PRODUCTS_DIR;
		};
/* End PBXReferenceProxy section */

/* Begin PBXResourcesBuildPhase section */
		A98618B615588D85001D7354 /* Resources */ = {
			isa = PBXResourcesBuildPhase;
			buildActionMask = 2147483647;
			files = (
				A98618C915588D85001D7354 /* InfoPlist.strings in Resources */,
				A98618D215588D85001D7354 /* MainStoryboard_iPhone.storyboard in Resources */,
				A98618D515588D85001D7354 /* MainStoryboard_iPad.storyboard in Resources */,
				A98618E915588E2C001D7354 /* .gitignore in Resources */,
				A98618FA15588FDA001D7354 /* README.md in Resources */,
				A97D79CB15594A3800024764 /* SVPullToRefresh.bundle in Resources */,
			);
			runOnlyForDeploymentPostprocessing = 0;
		};
/* End PBXResourcesBuildPhase section */

/* Begin PBXSourcesBuildPhase section */
		A98618B415588D85001D7354 /* Sources */ = {
			isa = PBXSourcesBuildPhase;
			buildActionMask = 2147483647;
			files = (
				A946927C1558910F0074648E /* AFHTTPClient.m in Sources */,
				A946927D1558910F0074648E /* AFHTTPRequestOperation.m in Sources */,
				A946927E1558910F0074648E /* AFImageRequestOperation.m in Sources */,
				A946927F1558910F0074648E /* AFJSONRequestOperation.m in Sources */,
				A94692801558910F0074648E /* AFJSONUtilities.m in Sources */,
				A94692811558910F0074648E /* AFNetworkActivityIndicatorManager.m in Sources */,
				A94692821558910F0074648E /* AFPropertyListRequestOperation.m in Sources */,
				A94692831558910F0074648E /* AFURLConnectionOperation.m in Sources */,
				A94692841558910F0074648E /* AFXMLRequestOperation.m in Sources */,
				A94692851558910F0074648E /* UIImageView+AFNetworking.m in Sources */,
				A98618CB15588D85001D7354 /* main.m in Sources */,
				A98618CF15588D85001D7354 /* STAppDelegate.m in Sources */,
				A98618D815588D85001D7354 /* HumbleShame.xcdatamodeld in Sources */,
				A98618DB15588D85001D7354 /* STTimelineController.m in Sources */,
				A98618DE15588D85001D7354 /* STDetailViewController.m in Sources */,
				A9469397155892E80074648E /* NSManagedObject+MagicalRecord.m in Sources */,
				A9469398155892E80074648E /* NSManagedObjectContext+MagicalRecord.m in Sources */,
				A9469399155892E80074648E /* NSManagedObjectModel+MagicalRecord.m in Sources */,
				A946939A155892E80074648E /* NSPersistentStore+MagicalRecord.m in Sources */,
				A946939B155892E80074648E /* NSPersistentStoreCoordinator+MagicalRecord.m in Sources */,
				A946939C155892E80074648E /* MagicalRecordHelpers.m in Sources */,
				A946939D155892E80074648E /* MRCoreDataAction.m in Sources */,
				A94693E8155897860074648E /* Tweet.m in Sources */,
				A94693EB155897860074648E /* User.m in Sources */,
				A94693EE15589F060074648E /* STTwitterClient.m in Sources */,
				A97D79CC15594A3800024764 /* SVPullToRefresh.m in Sources */,
			);
			runOnlyForDeploymentPostprocessing = 0;
		};
/* End PBXSourcesBuildPhase section */

/* Begin PBXTargetDependency section */
		A946929E155891A00074648E /* PBXTargetDependency */ = {
			isa = PBXTargetDependency;
			name = "iOS Library";
			targetProxy = A946929D155891A00074648E /* PBXContainerItemProxy */;
		};
/* End PBXTargetDependency section */

/* Begin PBXVariantGroup section */
		A98618C715588D85001D7354 /* InfoPlist.strings */ = {
			isa = PBXVariantGroup;
			children = (
				A98618C815588D85001D7354 /* en */,
			);
			name = InfoPlist.strings;
			sourceTree = "<group>";
		};
		A98618D015588D85001D7354 /* MainStoryboard_iPhone.storyboard */ = {
			isa = PBXVariantGroup;
			children = (
				A98618D115588D85001D7354 /* en */,
			);
			name = MainStoryboard_iPhone.storyboard;
			sourceTree = "<group>";
		};
		A98618D315588D85001D7354 /* MainStoryboard_iPad.storyboard */ = {
			isa = PBXVariantGroup;
			children = (
				A98618D415588D85001D7354 /* en */,
			);
			name = MainStoryboard_iPad.storyboard;
			sourceTree = "<group>";
		};
/* End PBXVariantGroup section */

/* Begin XCBuildConfiguration section */
		A98618DF15588D85001D7354 /* Debug */ = {
			isa = XCBuildConfiguration;
			buildSettings = {
				ALWAYS_SEARCH_USER_PATHS = NO;
				ARCHS = "$(ARCHS_STANDARD_32_BIT)";
				CLANG_ENABLE_OBJC_ARC = YES;
				"CODE_SIGN_IDENTITY[sdk=iphoneos*]" = "iPhone Developer";
				COPY_PHASE_STRIP = NO;
				GCC_C_LANGUAGE_STANDARD = gnu99;
				GCC_DYNAMIC_NO_PIC = NO;
				GCC_OPTIMIZATION_LEVEL = 0;
				GCC_PREPROCESSOR_DEFINITIONS = (
					"DEBUG=1",
					"$(inherited)",
				);
				GCC_SYMBOLS_PRIVATE_EXTERN = NO;
				GCC_VERSION = com.apple.compilers.llvm.clang.1_0;
				GCC_WARN_ABOUT_RETURN_TYPE = YES;
				GCC_WARN_UNINITIALIZED_AUTOS = YES;
				GCC_WARN_UNUSED_VARIABLE = YES;
				IPHONEOS_DEPLOYMENT_TARGET = 5.1;
				SDKROOT = iphoneos;
				TARGETED_DEVICE_FAMILY = "1,2";
			};
			name = Debug;
		};
		A98618E015588D85001D7354 /* Release */ = {
			isa = XCBuildConfiguration;
			buildSettings = {
				ALWAYS_SEARCH_USER_PATHS = NO;
				ARCHS = "$(ARCHS_STANDARD_32_BIT)";
				CLANG_ENABLE_OBJC_ARC = YES;
				"CODE_SIGN_IDENTITY[sdk=iphoneos*]" = "iPhone Developer";
				COPY_PHASE_STRIP = YES;
				GCC_C_LANGUAGE_STANDARD = gnu99;
				GCC_VERSION = com.apple.compilers.llvm.clang.1_0;
				GCC_WARN_ABOUT_RETURN_TYPE = YES;
				GCC_WARN_UNINITIALIZED_AUTOS = YES;
				GCC_WARN_UNUSED_VARIABLE = YES;
				IPHONEOS_DEPLOYMENT_TARGET = 5.1;
				OTHER_CFLAGS = "-DNS_BLOCK_ASSERTIONS=1";
				SDKROOT = iphoneos;
				TARGETED_DEVICE_FAMILY = "1,2";
				VALIDATE_PRODUCT = YES;
			};
			name = Release;
		};
		A98618E215588D85001D7354 /* Debug */ = {
			isa = XCBuildConfiguration;
			buildSettings = {
				FRAMEWORK_SEARCH_PATHS = (
					"$(inherited)",
					"\"$(SRCROOT)/Vendor/MagicalRecord/iOS App Unit Tests/Frameworks\"",
					"\"$(SRCROOT)/Vendor/MagicalRecord/Mac App Unit Tests/Frameworks\"",
				);
				GCC_PRECOMPILE_PREFIX_HEADER = YES;
				GCC_PREFIX_HEADER = "HumbleShame/HumbleShame-Prefix.pch";
				HEADER_SEARCH_PATHS = "$(SRCROOT)/Vendor/**";
				INFOPLIST_FILE = "HumbleShame/HumbleShame-Info.plist";
				LIBRARY_SEARCH_PATHS = (
					"$(inherited)",
					"\"$(SRCROOT)/Vendor/MagicalRecord/iOS App Unit Tests/Frameworks/OCMockLibrary\"",
					"\"$(SRCROOT)/Vendor/MagicalRecord/Mac App Unit Tests/Frameworks/OCMockLibrary\"",
				);
				OTHER_LDFLAGS = (
					"-ObjC",
					"-all_load",
				);
				PRODUCT_NAME = "$(TARGET_NAME)";
				WRAPPER_EXTENSION = app;
			};
			name = Debug;
		};
		A98618E315588D85001D7354 /* Release */ = {
			isa = XCBuildConfiguration;
			buildSettings = {
				FRAMEWORK_SEARCH_PATHS = (
					"$(inherited)",
					"\"$(SRCROOT)/Vendor/MagicalRecord/iOS App Unit Tests/Frameworks\"",
					"\"$(SRCROOT)/Vendor/MagicalRecord/Mac App Unit Tests/Frameworks\"",
				);
				GCC_PRECOMPILE_PREFIX_HEADER = YES;
				GCC_PREFIX_HEADER = "HumbleShame/HumbleShame-Prefix.pch";
				HEADER_SEARCH_PATHS = "$(SRCROOT)/Vendor/**";
				INFOPLIST_FILE = "HumbleShame/HumbleShame-Info.plist";
				LIBRARY_SEARCH_PATHS = (
					"$(inherited)",
					"\"$(SRCROOT)/Vendor/MagicalRecord/iOS App Unit Tests/Frameworks/OCMockLibrary\"",
					"\"$(SRCROOT)/Vendor/MagicalRecord/Mac App Unit Tests/Frameworks/OCMockLibrary\"",
				);
				OTHER_LDFLAGS = (
					"-ObjC",
					"-all_load",
				);
				PRODUCT_NAME = "$(TARGET_NAME)";
				WRAPPER_EXTENSION = app;
			};
			name = Release;
		};
/* End XCBuildConfiguration section */

/* Begin XCConfigurationList section */
		A98618B215588D84001D7354 /* Build configuration list for PBXProject "HumbleShame" */ = {
			isa = XCConfigurationList;
			buildConfigurations = (
				A98618DF15588D85001D7354 /* Debug */,
				A98618E015588D85001D7354 /* Release */,
			);
			defaultConfigurationIsVisible = 0;
			defaultConfigurationName = Release;
		};
		A98618E115588D85001D7354 /* Build configuration list for PBXNativeTarget "HumbleShame" */ = {
			isa = XCConfigurationList;
			buildConfigurations = (
				A98618E215588D85001D7354 /* Debug */,
				A98618E315588D85001D7354 /* Release */,
			);
			defaultConfigurationIsVisible = 0;
			defaultConfigurationName = Release;
		};
/* End XCConfigurationList section */

/* Begin XCVersionGroup section */
		A98618D615588D85001D7354 /* HumbleShame.xcdatamodeld */ = {
			isa = XCVersionGroup;
			children = (
				A98618D715588D85001D7354 /* HumbleShame.xcdatamodel */,
			);
			currentVersion = A98618D715588D85001D7354 /* HumbleShame.xcdatamodel */;
			path = HumbleShame.xcdatamodeld;
			sourceTree = "<group>";
			versionGroupType = wrapper.xcdatamodel;
		};
/* End XCVersionGroup section */
	};
	rootObject = A98618AF15588D84001D7354 /* Project object */;
}
